
Microsoft Visual Studio Solution File, Format Version 12.00
# Visual Studio Version 16
VisualStudioVersion = 16.0.31205.134
MinimumVisualStudioVersion = 10.0.40219.1
Project("{FAE04EC0-301F-11D3-BF4B-00C04F79EFBC}") = "SimonSaysGame", "SimonSaysGame\SimonSaysGame.csproj", "{81566B35-CA4A-49F7-AD46-40BF38F4F77B}"
EndProject
Global
	GlobalSection(SolutionConfigurationPlatforms) = preSolution
		Debug|Any CPU = Debug|Any CPU
		Release|Any CPU = Release|Any CPU
	EndGlobalSection
	GlobalSection(ProjectConfigurationPlatforms) = postSolution
		{81566B35-CA4A-49F7-AD46-40BF38F4F77B}.Debug|Any CPU.ActiveCfg = Debug|Any CPU
		{81566B35-CA4A-49F7-AD46-40BF38F4F77B}.Debug|Any CPU.Build.0 = Debug|Any CPU
		{81566B35-CA4A-49F7-AD46-40BF38F4F77B}.Release|Any CPU.ActiveCfg = Release|Any CPU
		{81566B35-CA4A-49F7-AD46-40BF38F4F77B}.Release|Any CPU.Build.0 = Release|Any CPU
	EndGlobalSection
	GlobalSection(SolutionProperties) = preSolution
		HideSolutionNode = FALSE
	EndGlobalSection
	GlobalSection(ExtensibilityGlobals) = postSolution
		SolutionGuid = {AD26EBCE-C5D1-4F44-A95A-BE230965D25A}
	EndGlobalSection
EndGlobal
